
Microsoft Visual Studio Solution File, Format Version 12.00
# Visual Studio Version 17
VisualStudioVersion = 17.13.35825.156
MinimumVisualStudioVersion = 10.0.40219.1
Project("{FAE04EC0-301F-11D3-BF4B-00C04F79EFBC}") = "DataLayer", "DataLayer\DataLayer.csproj", "{69047C4F-28FE-4B8E-96A4-E10AD188DA7C}"
EndProject
Project("{FAE04EC0-301F-11D3-BF4B-00C04F79EFBC}") = "ListsOptionsUI", "ListsOptions\ListsOptionsUI.csproj", "{E7D3F0EB-24BF-4ECB-A8D5-5C46E585A1EA}"
EndProject
Project("{FAE04EC0-301F-11D3-BF4B-00C04F79EFBC}") = "BusinessLayer", "BusinessLayer\BusinessLayer.csproj", "{33A4A621-85ED-4B29-A796-3BB3055D6844}"
EndProject
Project("{FAE04EC0-301F-11D3-BF4B-00C04F79EFBC}") = "Common", "Common\Common.csproj", "{1BC4AD25-E221-46EF-85B1-FEE4A898E675}"
EndProject
Global
	GlobalSection(SolutionConfigurationPlatforms) = preSolution
		Debug|Any CPU = Debug|Any CPU
		Release|Any CPU = Release|Any CPU
	EndGlobalSection
	GlobalSection(ProjectConfigurationPlatforms) = postSolution
		{69047C4F-28FE-4B8E-96A4-E10AD188DA7C}.Debug|Any CPU.ActiveCfg = Debug|Any CPU
		{69047C4F-28FE-4B8E-96A4-E10AD188DA7C}.Debug|Any CPU.Build.0 = Debug|Any CPU
		{69047C4F-28FE-4B8E-96A4-E10AD188DA7C}.Release|Any CPU.ActiveCfg = Release|Any CPU
		{69047C4F-28FE-4B8E-96A4-E10AD188DA7C}.Release|Any CPU.Build.0 = Release|Any CPU
		{E7D3F0EB-24BF-4ECB-A8D5-5C46E585A1EA}.Debug|Any CPU.ActiveCfg = Debug|Any CPU
		{E7D3F0EB-24BF-4ECB-A8D5-5C46E585A1EA}.Debug|Any CPU.Build.0 = Debug|Any CPU
		{E7D3F0EB-24BF-4ECB-A8D5-5C46E585A1EA}.Release|Any CPU.ActiveCfg = Release|Any CPU
		{E7D3F0EB-24BF-4ECB-A8D5-5C46E585A1EA}.Release|Any CPU.Build.0 = Release|Any CPU
		{33A4A621-85ED-4B29-A796-3BB3055D6844}.Debug|Any CPU.ActiveCfg = Debug|Any CPU
		{33A4A621-85ED-4B29-A796-3BB3055D6844}.Debug|Any CPU.Build.0 = Debug|Any CPU
		{33A4A621-85ED-4B29-A796-3BB3055D6844}.Release|Any CPU.ActiveCfg = Release|Any CPU
		{33A4A621-85ED-4B29-A796-3BB3055D6844}.Release|Any CPU.Build.0 = Release|Any CPU
		{1BC4AD25-E221-46EF-85B1-FEE4A898E675}.Debug|Any CPU.ActiveCfg = Debug|Any CPU
		{1BC4AD25-E221-46EF-85B1-FEE4A898E675}.Debug|Any CPU.Build.0 = Debug|Any CPU
		{1BC4AD25-E221-46EF-85B1-FEE4A898E675}.Release|Any CPU.ActiveCfg = Release|Any CPU
		{1BC4AD25-E221-46EF-85B1-FEE4A898E675}.Release|Any CPU.Build.0 = Release|Any CPU
	EndGlobalSection
	GlobalSection(SolutionProperties) = preSolution
		HideSolutionNode = FALSE
	EndGlobalSection
	GlobalSection(ExtensibilityGlobals) = postSolution
		SolutionGuid = {87BB04F9-5062-4E3F-AE5A-8D027E4E0E7D}
	EndGlobalSection
EndGlobal
